
Microsoft Visual Studio Solution File, Format Version 12.00
# Visual Studio Version 16
VisualStudioVersion = 16.0.31424.327
MinimumVisualStudioVersion = 10.0.40219.1
Project("{9A19103F-16F7-4668-BE54-9A1E7A4F7556}") = "lab1aDebuggingPractice", "lab1aDebuggingPractice\lab1aDebuggingPractice.csproj", "{C5BBDC15-D924-4D4D-AE96-378E4CEBB0F6}"
EndProject
Global
	GlobalSection(SolutionConfigurationPlatforms) = preSolution
		Debug|Any CPU = Debug|Any CPU
		Release|Any CPU = Release|Any CPU
	EndGlobalSection
	GlobalSection(ProjectConfigurationPlatforms) = postSolution
		{C5BBDC15-D924-4D4D-AE96-378E4CEBB0F6}.Debug|Any CPU.ActiveCfg = Debug|Any CPU
		{C5BBDC15-D924-4D4D-AE96-378E4CEBB0F6}.Debug|Any CPU.Build.0 = Debug|Any CPU
		{C5BBDC15-D924-4D4D-AE96-378E4CEBB0F6}.Release|Any CPU.ActiveCfg = Release|Any CPU
		{C5BBDC15-D924-4D4D-AE96-378E4CEBB0F6}.Release|Any CPU.Build.0 = Release|Any CPU
	EndGlobalSection
	GlobalSection(SolutionProperties) = preSolution
		HideSolutionNode = FALSE
	EndGlobalSection
	GlobalSection(ExtensibilityGlobals) = postSolution
		SolutionGuid = {B5CE86D0-47DF-42E6-98AC-AE8244EB4E8A}
	EndGlobalSection
EndGlobal
